
Microsoft Visual Studio Solution File, Format Version 12.00
# Visual Studio 15
VisualStudioVersion = 15.0.28307.539
MinimumVisualStudioVersion = 10.0.40219.1
Project("{FAE04EC0-301F-11D3-BF4B-00C04F79EFBC}") = "MyMap", "MyMap/MyMap.csproj", "{A511B846-681D-4A2C-BF1F-421361AACCE8}"
EndProject
Project("{FAE04EC0-301F-11D3-BF4B-00C04F79EFBC}") = "MyMap.Library", "Library\MyMap.Library\MyMap.Library.csproj", "{8532B44C-91D9-43D1-972F-7CEB0A979EBE}"
EndProject
Global
	GlobalSection(SolutionConfigurationPlatforms) = preSolution
		Debug|Any CPU = Debug|Any CPU
		Release|Any CPU = Release|Any CPU
	EndGlobalSection
	GlobalSection(ProjectConfigurationPlatforms) = postSolution
		{A511B846-681D-4A2C-BF1F-421361AACCE8}.Debug|Any CPU.ActiveCfg = Debug|Any CPU
		{A511B846-681D-4A2C-BF1F-421361AACCE8}.Debug|Any CPU.Build.0 = Debug|Any CPU
		{A511B846-681D-4A2C-BF1F-421361AACCE8}.Release|Any CPU.ActiveCfg = Release|Any CPU
		{A511B846-681D-4A2C-BF1F-421361AACCE8}.Release|Any CPU.Build.0 = Release|Any CPU
		{8532B44C-91D9-43D1-972F-7CEB0A979EBE}.Debug|Any CPU.ActiveCfg = Debug|Any CPU
		{8532B44C-91D9-43D1-972F-7CEB0A979EBE}.Debug|Any CPU.Build.0 = Debug|Any CPU
		{8532B44C-91D9-43D1-972F-7CEB0A979EBE}.Release|Any CPU.ActiveCfg = Release|Any CPU
		{8532B44C-91D9-43D1-972F-7CEB0A979EBE}.Release|Any CPU.Build.0 = Release|Any CPU
	EndGlobalSection
	GlobalSection(SolutionProperties) = preSolution
		HideSolutionNode = FALSE
	EndGlobalSection
	GlobalSection(ExtensibilityGlobals) = postSolution
		SolutionGuid = {E361E4EF-AF57-4871-A4C0-31CFDC5F153D}
	EndGlobalSection
EndGlobal
